# @generated by Move, please check-in and do not edit manually.

[move]
version = 3
manifest_digest = "78D76279D11E083D021CBD580B50ADFD6B85E6921835C28613CDF7C330920065"
deps_digest = "3C4103934B1E040BB6B23F1D610B4EF9F2F1166A50A104EADCF77467C004C600"
dependencies = [
  { id = "MoveStdlib", name = "MoveStdlib" },
  { id = "One", name = "One" },
]

[[move.package]]
id = "MoveStdlib"
source = { git = "https://github.com/one-chain-labs/onechain.git", rev = "main", subdir = "crates/sui-framework/packages/move-stdlib" }

[[move.package]]
id = "One"
source = { git = "https://github.com/one-chain-labs/onechain.git", rev = "main", subdir = "crates/sui-framework/packages/one-framework" }

dependencies = [
  { id = "MoveStdlib", name = "MoveStdlib" },
]

[move.toolchain-version]
compiler-version = "1.1.1"
edition = "2024.beta"
flavor = "one"

[env]

[env.testnet]
chain-id = "1bd5c965"
original-published-id = "0xd6c68db172a48b6676f08c190361cf23fe7db53e89090cdd5978a194dbb7188c"
latest-published-id = "0xd6c68db172a48b6676f08c190361cf23fe7db53e89090cdd5978a194dbb7188c"
published-version = "1"
